// !$*UTF8*$!
{
	archiveVersion = 1;
	classes = {
	};
	objectVersion = 77;
	objects = {

/* Begin PBXContainerItemProxy section */
		C5C31DD92E321FAB00D83CEE /* PBXContainerItemProxy */ = {
			isa = PBXContainerItemProxy;
			containerPortal = C5C31DBA2E321FA800D83CEE /* Project object */;
			proxyType = 1;
			remoteGlobalIDString = C5C31DC12E321FA800D83CEE;
			remoteInfo = SiKKuRo;
		};
		C5C31DE32E321FAB00D83CEE /* PBXContainerItemProxy */ = {
			isa = PBXContainerItemProxy;
			containerPortal = C5C31DBA2E321FA800D83CEE /* Project object */;
			proxyType = 1;
			remoteGlobalIDString = C5C31DC12E321FA800D83CEE;
			remoteInfo = SiKKuRo;
		};
/* End PBXContainerItemProxy section */

/* Begin PBXFileReference section */
		C5C31DC22E321FA800D83CEE /* SiKKuRo.app */ = {isa = PBXFileReference; explicitFileType = wrapper.application; includeInIndex = 0; path = SiKKuRo.app; sourceTree = BUILT_PRODUCTS_DIR; };
		C5C31DD82E321FAB00D83CEE /* SiKKuRoTests.xctest */ = {isa = PBXFileReference; explicitFileType = wrapper.cfbundle; includeInIndex = 0; path = SiKKuRoTests.xctest; sourceTree = BUILT_PRODUCTS_DIR; };
		C5C31DE22E321FAB00D83CEE /* SiKKuRoUITests.xctest */ = {isa = PBXFileReference; explicitFileType = wrapper.cfbundle; includeInIndex = 0; path = SiKKuRoUITests.xctest; sourceTree = BUILT_PRODUCTS_DIR; };
/* End PBXFileReference section */

/* Begin PBXFileSystemSynchronizedBuildFileExceptionSet section */
		C5C31DEA2E321FAB00D83CEE /* Exceptions for "SiKKuRo" folder in "SiKKuRo" target */ = {
			isa = PBXFileSystemSynchronizedBuildFileExceptionSet;
			membershipExceptions = (
				Info.plist,
			);
			target = C5C31DC12E321FA800D83CEE /* SiKKuRo */;
		};
/* End PBXFileSystemSynchronizedBuildFileExceptionSet section */

/* Begin PBXFileSystemSynchronizedRootGroup section */
		C5C31DC42E321FA800D83CEE /* SiKKuRo */ = {
			isa = PBXFileSystemSynchronizedRootGroup;
			exceptions = (
				C5C31DEA2E321FAB00D83CEE /* Exceptions for "SiKKuRo" folder in "SiKKuRo" target */,
			);
			path = SiKKuRo;
			sourceTree = "<group>";
		};
		C5C31DDB2E321FAB00D83CEE /* SiKKuRoTests */ = {
			isa = PBXFileSystemSynchronizedRootGroup;
			path = SiKKuRoTests;
			sourceTree = "<group>";
		};
		C5C31DE52E321FAB00D83CEE /* SiKKuRoUITests */ = {
			isa = PBXFileSystemSynchronizedRootGroup;
			path = SiKKuRoUITests;
			sourceTree = "<group>";
		};
/* End PBXFileSystemSynchronizedRootGroup section */

/* Begin PBXFrameworksBuildPhase section */
		C5C31DBF2E321FA800D83CEE /* Frameworks */ = {
			isa = PBXFrameworksBuildPhase;
			buildActionMask = 2147483647;
			files = (
			);
			runOnlyForDeploymentPostprocessing = 0;
		};
		C5C31DD52E321FAB00D83CEE /* Frameworks */ = {
			isa = PBXFrameworksBuildPhase;
			buildActionMask = 2147483647;
			files = (
			);
			runOnlyForDeploymentPostprocessing = 0;
		};
		C5C31DDF2E321FAB00D83CEE /* Frameworks */ = {
			isa = PBXFrameworksBuildPhase;
			buildActionMask = 2147483647;
			files = (
			);
			runOnlyForDeploymentPostprocessing = 0;
		};
/* End PBXFrameworksBuildPhase section */

/* Begin PBXGroup section */
		C5C31DB92E321FA800D83CEE = {
			isa = PBXGroup;
			children = (
				C5C31DC42E321FA800D83CEE /* SiKKuRo */,
				C5C31DDB2E321FAB00D83CEE /* SiKKuRoTests */,
				C5C31DE52E321FAB00D83CEE /* SiKKuRoUITests */,
				C5C31DC32E321FA800D83CEE /* Products */,
			);
			sourceTree = "<group>";
		};
		C5C31DC32E321FA800D83CEE /* Products */ = {
			isa = PBXGroup;
			children = (
				C5C31DC22E321FA800D83CEE /* SiKKuRo.app */,
				C5C31DD82E321FAB00D83CEE /* SiKKuRoTests.xctest */,
				C5C31DE22E321FAB00D83CEE /* SiKKuRoUITests.xctest */,
			);
			name = Products;
			sourceTree = "<group>";
		};
/* End PBXGroup section */

/* Begin PBXNativeTarget section */
		C5C31DC12E321FA800D83CEE /* SiKKuRo */ = {
			isa = PBXNativeTarget;
			buildConfigurationList = C5C31DEB2E321FAB00D83CEE /* Build configuration list for PBXNativeTarget "SiKKuRo" */;
			buildPhases = (
				C5C31DBE2E321FA800D83CEE /* Sources */,
				C5C31DBF2E321FA800D83CEE /* Frameworks */,
				C5C31DC02E321FA800D83CEE /* Resources */,
			);
			buildRules = (
			);
			dependencies = (
			);
			fileSystemSynchronizedGroups = (
				C5C31DC42E321FA800D83CEE /* SiKKuRo */,
			);
			name = SiKKuRo;
			packageProductDependencies = (
			);
			productName = SiKKuRo;
			productReference = C5C31DC22E321FA800D83CEE /* SiKKuRo.app */;
			productType = "com.apple.product-type.application";
		};
		C5C31DD72E321FAB00D83CEE /* SiKKuRoTests */ = {
			isa = PBXNativeTarget;
			buildConfigurationList = C5C31DF02E321FAB00D83CEE /* Build configuration list for PBXNativeTarget "SiKKuRoTests" */;
			buildPhases = (
				C5C31DD42E321FAB00D83CEE /* Sources */,
				C5C31DD52E321FAB00D83CEE /* Frameworks */,
				C5C31DD62E321FAB00D83CEE /* Resources */,
			);
			buildRules = (
			);
			dependencies = (
				C5C31DDA2E321FAB00D83CEE /* PBXTargetDependency */,
			);
			fileSystemSynchronizedGroups = (
				C5C31DDB2E321FAB00D83CEE /* SiKKuRoTests */,
			);
			name = SiKKuRoTests;
			packageProductDependencies = (
			);
			productName = SiKKuRoTests;
			productReference = C5C31DD82E321FAB00D83CEE /* SiKKuRoTests.xctest */;
			productType = "com.apple.product-type.bundle.unit-test";
		};
		C5C31DE12E321FAB00D83CEE /* SiKKuRoUITests */ = {
			isa = PBXNativeTarget;
			buildConfigurationList = C5C31DF32E321FAB00D83CEE /* Build configuration list for PBXNativeTarget "SiKKuRoUITests" */;
			buildPhases = (
				C5C31DDE2E321FAB00D83CEE /* Sources */,
				C5C31DDF2E321FAB00D83CEE /* Frameworks */,
				C5C31DE02E321FAB00D83CEE /* Resources */,
			);
			buildRules = (
			);
			dependencies = (
				C5C31DE42E321FAB00D83CEE /* PBXTargetDependency */,
			);
			fileSystemSynchronizedGroups = (
				C5C31DE52E321FAB00D83CEE /* SiKKuRoUITests */,
			);
			name = SiKKuRoUITests;
			packageProductDependencies = (
			);
			productName = SiKKuRoUITests;
			productReference = C5C31DE22E321FAB00D83CEE /* SiKKuRoUITests.xctest */;
			productType = "com.apple.product-type.bundle.ui-testing";
		};
/* End PBXNativeTarget section */

/* Begin PBXProject section */
		C5C31DBA2E321FA800D83CEE /* Project object */ = {
			isa = PBXProject;
			attributes = {
				BuildIndependentTargetsInParallel = 1;
				LastSwiftUpdateCheck = 1610;
				LastUpgradeCheck = 1610;
				TargetAttributes = {
					C5C31DC12E321FA800D83CEE = {
						CreatedOnToolsVersion = 16.1;
					};
					C5C31DD72E321FAB00D83CEE = {
						CreatedOnToolsVersion = 16.1;
						TestTargetID = C5C31DC12E321FA800D83CEE;
					};
					C5C31DE12E321FAB00D83CEE = {
						CreatedOnToolsVersion = 16.1;
						TestTargetID = C5C31DC12E321FA800D83CEE;
					};
				};
			};
			buildConfigurationList = C5C31DBD2E321FA800D83CEE /* Build configuration list for PBXProject "SiKKuRo" */;
			developmentRegion = en;
			hasScannedForEncodings = 0;
			knownRegions = (
				en,
				Base,
			);
			mainGroup = C5C31DB92E321FA800D83CEE;
			minimizedProjectReferenceProxies = 1;
			preferredProjectObjectVersion = 77;
			productRefGroup = C5C31DC32E321FA800D83CEE /* Products */;
			projectDirPath = "";
			projectRoot = "";
			targets = (
				C5C31DC12E321FA800D83CEE /* SiKKuRo */,
				C5C31DD72E321FAB00D83CEE /* SiKKuRoTests */,
				C5C31DE12E321FAB00D83CEE /* SiKKuRoUITests */,
			);
		};
/* End PBXProject section */

/* Begin PBXResourcesBuildPhase section */
		C5C31DC02E321FA800D83CEE /* Resources */ = {
			isa = PBXResourcesBuildPhase;
			buildActionMask = 2147483647;
			files = (
			);
			runOnlyForDeploymentPostprocessing = 0;
		};
		C5C31DD62E321FAB00D83CEE /* Resources */ = {
			isa = PBXResourcesBuildPhase;
			buildActionMask = 2147483647;
			files = (
			);
			runOnlyForDeploymentPostprocessing = 0;
		};
		C5C31DE02E321FAB00D83CEE /* Resources */ = {
			isa = PBXResourcesBuildPhase;
			buildActionMask = 2147483647;
			files = (
			);
			runOnlyForDeploymentPostprocessing = 0;
		};
/* End PBXResourcesBuildPhase section */

/* Begin PBXSourcesBuildPhase section */
		C5C31DBE2E321FA800D83CEE /* Sources */ = {
			isa = PBXSourcesBuildPhase;
			buildActionMask = 2147483647;
			files = (
			);
			runOnlyForDeploymentPostprocessing = 0;
		};
		C5C31DD42E321FAB00D83CEE /* Sources */ = {
			isa = PBXSourcesBuildPhase;
			buildActionMask = 2147483647;
			files = (
			);
			runOnlyForDeploymentPostprocessing = 0;
		};
		C5C31DDE2E321FAB00D83CEE /* Sources */ = {
			isa = PBXSourcesBuildPhase;
			buildActionMask = 2147483647;
			files = (
			);
			runOnlyForDeploymentPostprocessing = 0;
		};
/* End PBXSourcesBuildPhase section */

/* Begin PBXTargetDependency section */
		C5C31DDA2E321FAB00D83CEE /* PBXTargetDependency */ = {
			isa = PBXTargetDependency;
			target = C5C31DC12E321FA800D83CEE /* SiKKuRo */;
			targetProxy = C5C31DD92E321FAB00D83CEE /* PBXContainerItemProxy */;
		};
		C5C31DE42E321FAB00D83CEE /* PBXTargetDependency */ = {
			isa = PBXTargetDependency;
			target = C5C31DC12E321FA800D83CEE /* SiKKuRo */;
			targetProxy = C5C31DE32E321FAB00D83CEE /* PBXContainerItemProxy */;
		};
/* End PBXTargetDependency section */

/* Begin XCBuildConfiguration section */
		C5C31DEC2E321FAB00D83CEE /* Debug */ = {
			isa = XCBuildConfiguration;
			buildSettings = {
				ASSETCATALOG_COMPILER_APPICON_NAME = AppIcon;
				ASSETCATALOG_COMPILER_GLOBAL_ACCENT_COLOR_NAME = AccentColor;
				CODE_SIGN_STYLE = Automatic;
				CURRENT_PROJECT_VERSION = 1;
				DEVELOPMENT_TEAM = 385Y9B45N8;
				GENERATE_INFOPLIST_FILE = YES;
				INFOPLIST_FILE = SiKKuRo/Info.plist;
				INFOPLIST_KEY_UIApplicationSupportsIndirectInputEvents = YES;
				INFOPLIST_KEY_UILaunchStoryboardName = LaunchScreen;
				INFOPLIST_KEY_UIMainStoryboardFile = Main;
				INFOPLIST_KEY_UISupportedInterfaceOrientations_iPad = "UIInterfaceOrientationPortrait UIInterfaceOrientationPortraitUpsideDown UIInterfaceOrientationLandscapeLeft UIInterfaceOrientationLandscapeRight";
				INFOPLIST_KEY_UISupportedInterfaceOrientations_iPhone = "UIInterfaceOrientationPortrait UIInterfaceOrientationLandscapeLeft UIInterfaceOrientationLandscapeRight";
				LD_RUNPATH_SEARCH_PATHS = (
					"$(inherited)",
					"@executable_path/Frameworks",
				);
				MARKETING_VERSION = 1.0;
				PRODUCT_BUNDLE_IDENTIFIER = com.iOS.SiKKuRo;
				PRODUCT_NAME = "$(TARGET_NAME)";
				SWIFT_EMIT_LOC_STRINGS = YES;
				SWIFT_VERSION = 5.0;
				TARGETED_DEVICE_FAMILY = "1,2";
			};
			name = Debug;
		};
		C5C31DED2E321FAB00D83CEE /* Release */ = {
			isa = XCBuildConfiguration;
			buildSettings = {
				ASSETCATALOG_COMPILER_APPICON_NAME = AppIcon;
				ASSETCATALOG_COMPILER_GLOBAL_ACCENT_COLOR_NAME = AccentColor;
				CODE_SIGN_STYLE = Automatic;
				CURRENT_PROJECT_VERSION = 1;
				DEVELOPMENT_TEAM = 385Y9B45N8;
				GENERATE_INFOPLIST_FILE = YES;
				INFOPLIST_FILE = SiKKuRo/Info.plist;
				INFOPLIST_KEY_UIApplicationSupportsIndirectInputEvents = YES;
				INFOPLIST_KEY_UILaunchStoryboardName = LaunchScreen;
				INFOPLIST_KEY_UIMainStoryboardFile = Main;
				INFOPLIST_KEY_UISupportedInterfaceOrientations_iPad = "UIInterfaceOrientationPortrait UIInterfaceOrientationPortraitUpsideDown UIInterfaceOrientationLandscapeLeft UIInterfaceOrientationLandscapeRight";
				INFOPLIST_KEY_UISupportedInterfaceOrientations_iPhone = "UIInterfaceOrientationPortrait UIInterfaceOrientationLandscapeLeft UIInterfaceOrientationLandscapeRight";
				LD_RUNPATH_SEARCH_PATHS = (
					"$(inherited)",
					"@executable_path/Frameworks",
				);
				MARKETING_VERSION = 1.0;
				PRODUCT_BUNDLE_IDENTIFIER = com.iOS.SiKKuRo;
				PRODUCT_NAME = "$(TARGET_NAME)";
				SWIFT_EMIT_LOC_STRINGS = YES;
				SWIFT_VERSION = 5.0;
				TARGETED_DEVICE_FAMILY = "1,2";
			};
			name = Release;
		};
		C5C31DEE2E321FAB00D83CEE /* Debug */ = {
			isa = XCBuildConfiguration;
			buildSettings = {
				ALWAYS_SEARCH_USER_PATHS = NO;
				ASSETCATALOG_COMPILER_GENERATE_SWIFT_ASSET_SYMBOL_EXTENSIONS = YES;
				CLANG_ANALYZER_NONNULL = YES;
				CLANG_ANALYZER_NUMBER_OBJECT_CONVERSION = YES_AGGRESSIVE;
				CLANG_CXX_LANGUAGE_STANDARD = "gnu++20";
				CLANG_ENABLE_MODULES = YES;
				CLANG_ENABLE_OBJC_ARC = YES;
				CLANG_ENABLE_OBJC_WEAK = YES;
				CLANG_WARN_BLOCK_CAPTURE_AUTORELEASING = YES;
				CLANG_WARN_BOOL_CONVERSION = YES;
				CLANG_WARN_COMMA = YES;
				CLANG_WARN_CONSTANT_CONVERSION = YES;
				CLANG_WARN_DEPRECATED_OBJC_IMPLEMENTATIONS = YES;
				CLANG_WARN_DIRECT_OBJC_ISA_USAGE = YES_ERROR;
				CLANG_WARN_DOCUMENTATION_COMMENTS = YES;
				CLANG_WARN_EMPTY_BODY = YES;
				CLANG_WARN_ENUM_CONVERSION = YES;
				CLANG_WARN_INFINITE_RECURSION = YES;
				CLANG_WARN_INT_CONVERSION = YES;
				CLANG_WARN_NON_LITERAL_NULL_CONVERSION = YES;
				CLANG_WARN_OBJC_IMPLICIT_RETAIN_SELF = YES;
				CLANG_WARN_OBJC_LITERAL_CONVERSION = YES;
				CLANG_WARN_OBJC_ROOT_CLASS = YES_ERROR;
				CLANG_WARN_QUOTED_INCLUDE_IN_FRAMEWORK_HEADER = YES;
				CLANG_WARN_RANGE_LOOP_ANALYSIS = YES;
				CLANG_WARN_STRICT_PROTOTYPES = YES;
				CLANG_WARN_SUSPICIOUS_MOVE = YES;
				CLANG_WARN_UNGUARDED_AVAILABILITY = YES_AGGRESSIVE;
				CLANG_WARN_UNREACHABLE_CODE = YES;
				CLANG_WARN__DUPLICATE_METHOD_MATCH = YES;
				COPY_PHASE_STRIP = NO;
				DEBUG_INFORMATION_FORMAT = dwarf;
				ENABLE_STRICT_OBJC_MSGSEND = YES;
				ENABLE_TESTABILITY = YES;
				ENABLE_USER_SCRIPT_SANDBOXING = YES;
				GCC_C_LANGUAGE_STANDARD = gnu17;
				GCC_DYNAMIC_NO_PIC = NO;
				GCC_NO_COMMON_BLOCKS = YES;
				GCC_OPTIMIZATION_LEVEL = 0;
				GCC_PREPROCESSOR_DEFINITIONS = (
					"DEBUG=1",
					"$(inherited)",
				);
				GCC_WARN_64_TO_32_BIT_CONVERSION = YES;
				GCC_WARN_ABOUT_RETURN_TYPE = YES_ERROR;
				GCC_WARN_UNDECLARED_SELECTOR = YES;
				GCC_WARN_UNINITIALIZED_AUTOS = YES_AGGRESSIVE;
				GCC_WARN_UNUSED_FUNCTION = YES;
				GCC_WARN_UNUSED_VARIABLE = YES;
				IPHONEOS_DEPLOYMENT_TARGET = 18.1;
				LOCALIZATION_PREFERS_STRING_CATALOGS = YES;
				MTL_ENABLE_DEBUG_INFO = INCLUDE_SOURCE;
				MTL_FAST_MATH = YES;
				ONLY_ACTIVE_ARCH = YES;
				SDKROOT = iphoneos;
				SWIFT_ACTIVE_COMPILATION_CONDITIONS = "DEBUG $(inherited)";
				SWIFT_OPTIMIZATION_LEVEL = "-Onone";
			};
			name = Debug;
		};
		C5C31DEF2E321FAB00D83CEE /* Release */ = {
			isa = XCBuildConfiguration;
			buildSettings = {
				ALWAYS_SEARCH_USER_PATHS = NO;
				ASSETCATALOG_COMPILER_GENERATE_SWIFT_ASSET_SYMBOL_EXTENSIONS = YES;
				CLANG_ANALYZER_NONNULL = YES;
				CLANG_ANALYZER_NUMBER_OBJECT_CONVERSION = YES_AGGRESSIVE;
				CLANG_CXX_LANGUAGE_STANDARD = "gnu++20";
				CLANG_ENABLE_MODULES = YES;
				CLANG_ENABLE_OBJC_ARC = YES;
				CLANG_ENABLE_OBJC_WEAK = YES;
				CLANG_WARN_BLOCK_CAPTURE_AUTORELEASING = YES;
				CLANG_WARN_BOOL_CONVERSION = YES;
				CLANG_WARN_COMMA = YES;
				CLANG_WARN_CONSTANT_CONVERSION = YES;
				CLANG_WARN_DEPRECATED_OBJC_IMPLEMENTATIONS = YES;
				CLANG_WARN_DIRECT_OBJC_ISA_USAGE = YES_ERROR;
				CLANG_WARN_DOCUMENTATION_COMMENTS = YES;
				CLANG_WARN_EMPTY_BODY = YES;
				CLANG_WARN_ENUM_CONVERSION = YES;
				CLANG_WARN_INFINITE_RECURSION = YES;
				CLANG_WARN_INT_CONVERSION = YES;
				CLANG_WARN_NON_LITERAL_NULL_CONVERSION = YES;
				CLANG_WARN_OBJC_IMPLICIT_RETAIN_SELF = YES;
				CLANG_WARN_OBJC_LITERAL_CONVERSION = YES;
				CLANG_WARN_OBJC_ROOT_CLASS = YES_ERROR;
				CLANG_WARN_QUOTED_INCLUDE_IN_FRAMEWORK_HEADER = YES;
				CLANG_WARN_RANGE_LOOP_ANALYSIS = YES;
				CLANG_WARN_STRICT_PROTOTYPES = YES;
				CLANG_WARN_SUSPICIOUS_MOVE = YES;
				CLANG_WARN_UNGUARDED_AVAILABILITY = YES_AGGRESSIVE;
				CLANG_WARN_UNREACHABLE_CODE = YES;
				CLANG_WARN__DUPLICATE_METHOD_MATCH = YES;
				COPY_PHASE_STRIP = NO;
				DEBUG_INFORMATION_FORMAT = "dwarf-with-dsym";
				ENABLE_NS_ASSERTIONS = NO;
				ENABLE_STRICT_OBJC_MSGSEND = YES;
				ENABLE_USER_SCRIPT_SANDBOXING = YES;
				GCC_C_LANGUAGE_STANDARD = gnu17;
				GCC_NO_COMMON_BLOCKS = YES;
				GCC_WARN_64_TO_32_BIT_CONVERSION = YES;
				GCC_WARN_ABOUT_RETURN_TYPE = YES_ERROR;
				GCC_WARN_UNDECLARED_SELECTOR = YES;
				GCC_WARN_UNINITIALIZED_AUTOS = YES_AGGRESSIVE;
				GCC_WARN_UNUSED_FUNCTION = YES;
				GCC_WARN_UNUSED_VARIABLE = YES;
				IPHONEOS_DEPLOYMENT_TARGET = 18.1;
				LOCALIZATION_PREFERS_STRING_CATALOGS = YES;
				MTL_ENABLE_DEBUG_INFO = NO;
				MTL_FAST_MATH = YES;
				SDKROOT = iphoneos;
				SWIFT_COMPILATION_MODE = wholemodule;
				VALIDATE_PRODUCT = YES;
			};
			name = Release;
		};
		C5C31DF12E321FAB00D83CEE /* Debug */ = {
			isa = XCBuildConfiguration;
			buildSettings = {
				BUNDLE_LOADER = "$(TEST_HOST)";
				CODE_SIGN_STYLE = Automatic;
				CURRENT_PROJECT_VERSION = 1;
				DEVELOPMENT_TEAM = 385Y9B45N8;
				GENERATE_INFOPLIST_FILE = YES;
				IPHONEOS_DEPLOYMENT_TARGET = 18.1;
				MARKETING_VERSION = 1.0;
				PRODUCT_BUNDLE_IDENTIFIER = com.iOS.SiKKuRoTests;
				PRODUCT_NAME = "$(TARGET_NAME)";
				SWIFT_EMIT_LOC_STRINGS = NO;
				SWIFT_VERSION = 5.0;
				TARGETED_DEVICE_FAMILY = "1,2";
				TEST_HOST = "$(BUILT_PRODUCTS_DIR)/SiKKuRo.app/$(BUNDLE_EXECUTABLE_FOLDER_PATH)/SiKKuRo";
			};
			name = Debug;
		};
		C5C31DF22E321FAB00D83CEE /* Release */ = {
			isa = XCBuildConfiguration;
			buildSettings = {
				BUNDLE_LOADER = "$(TEST_HOST)";
				CODE_SIGN_STYLE = Automatic;
				CURRENT_PROJECT_VERSION = 1;
				DEVELOPMENT_TEAM = 385Y9B45N8;
				GENERATE_INFOPLIST_FILE = YES;
				IPHONEOS_DEPLOYMENT_TARGET = 18.1;
				MARKETING_VERSION = 1.0;
				PRODUCT_BUNDLE_IDENTIFIER = com.iOS.SiKKuRoTests;
				PRODUCT_NAME = "$(TARGET_NAME)";
				SWIFT_EMIT_LOC_STRINGS = NO;
				SWIFT_VERSION = 5.0;
				TARGETED_DEVICE_FAMILY = "1,2";
				TEST_HOST = "$(BUILT_PRODUCTS_DIR)/SiKKuRo.app/$(BUNDLE_EXECUTABLE_FOLDER_PATH)/SiKKuRo";
			};
			name = Release;
		};
		C5C31DF42E321FAB00D83CEE /* Debug */ = {
			isa = XCBuildConfiguration;
			buildSettings = {
				CODE_SIGN_STYLE = Automatic;
				CURRENT_PROJECT_VERSION = 1;
				DEVELOPMENT_TEAM = 385Y9B45N8;
				GENERATE_INFOPLIST_FILE = YES;
				MARKETING_VERSION = 1.0;
				PRODUCT_BUNDLE_IDENTIFIER = com.iOS.SiKKuRoUITests;
				PRODUCT_NAME = "$(TARGET_NAME)";
				SWIFT_EMIT_LOC_STRINGS = NO;
				SWIFT_VERSION = 5.0;
				TARGETED_DEVICE_FAMILY = "1,2";
				TEST_TARGET_NAME = SiKKuRo;
			};
			name = Debug;
		};
		C5C31DF52E321FAB00D83CEE /* Release */ = {
			isa = XCBuildConfiguration;
			buildSettings = {
				CODE_SIGN_STYLE = Automatic;
				CURRENT_PROJECT_VERSION = 1;
				DEVELOPMENT_TEAM = 385Y9B45N8;
				GENERATE_INFOPLIST_FILE = YES;
				MARKETING_VERSION = 1.0;
				PRODUCT_BUNDLE_IDENTIFIER = com.iOS.SiKKuRoUITests;
				PRODUCT_NAME = "$(TARGET_NAME)";
				SWIFT_EMIT_LOC_STRINGS = NO;
				SWIFT_VERSION = 5.0;
				TARGETED_DEVICE_FAMILY = "1,2";
				TEST_TARGET_NAME = SiKKuRo;
			};
			name = Release;
		};
/* End XCBuildConfiguration section */

/* Begin XCConfigurationList section */
		C5C31DBD2E321FA800D83CEE /* Build configuration list for PBXProject "SiKKuRo" */ = {
			isa = XCConfigurationList;
			buildConfigurations = (
				C5C31DEE2E321FAB00D83CEE /* Debug */,
				C5C31DEF2E321FAB00D83CEE /* Release */,
			);
			defaultConfigurationIsVisible = 0;
			defaultConfigurationName = Release;
		};
		C5C31DEB2E321FAB00D83CEE /* Build configuration list for PBXNativeTarget "SiKKuRo" */ = {
			isa = XCConfigurationList;
			buildConfigurations = (
				C5C31DEC2E321FAB00D83CEE /* Debug */,
				C5C31DED2E321FAB00D83CEE /* Release */,
			);
			defaultConfigurationIsVisible = 0;
			defaultConfigurationName = Release;
		};
		C5C31DF02E321FAB00D83CEE /* Build configuration list for PBXNativeTarget "SiKKuRoTests" */ = {
			isa = XCConfigurationList;
			buildConfigurations = (
				C5C31DF12E321FAB00D83CEE /* Debug */,
				C5C31DF22E321FAB00D83CEE /* Release */,
			);
			defaultConfigurationIsVisible = 0;
			defaultConfigurationName = Release;
		};
		C5C31DF32E321FAB00D83CEE /* Build configuration list for PBXNativeTarget "SiKKuRoUITests" */ = {
			isa = XCConfigurationList;
			buildConfigurations = (
				C5C31DF42E321FAB00D83CEE /* Debug */,
				C5C31DF52E321FAB00D83CEE /* Release */,
			);
			defaultConfigurationIsVisible = 0;
			defaultConfigurationName = Release;
		};
/* End XCConfigurationList section */
	};
	rootObject = C5C31DBA2E321FA800D83CEE /* Project object */;
}
